
Microsoft Visual Studio Solution File, Format Version 12.00
# Visual Studio Version 17
VisualStudioVersion = 17.5.33516.290
MinimumVisualStudioVersion = 10.0.40219.1
Project("{FAE04EC0-301F-11D3-BF4B-00C04F79EFBC}") = "CapaPresentacion", "CapaPresentacion\CapaPresentacion.csproj", "{72EA0BBF-6766-47BC-9264-20DD3E7D778E}"
EndProject
Project("{FAE04EC0-301F-11D3-BF4B-00C04F79EFBC}") = "CapaDatos", "CapaDatos\CapaDatos.csproj", "{2C42E337-CA92-4D77-B9A9-72F211B64CFE}"
EndProject
Project("{FAE04EC0-301F-11D3-BF4B-00C04F79EFBC}") = "CapaNegocio", "CapaNegocio\CapaNegocio.csproj", "{59B6261A-FD55-4B5D-867D-E0D1BBA02255}"
EndProject
Global
	GlobalSection(SolutionConfigurationPlatforms) = preSolution
		Debug|Any CPU = Debug|Any CPU
		Release|Any CPU = Release|Any CPU
	EndGlobalSection
	GlobalSection(ProjectConfigurationPlatforms) = postSolution
		{72EA0BBF-6766-47BC-9264-20DD3E7D778E}.Debug|Any CPU.ActiveCfg = Debug|Any CPU
		{72EA0BBF-6766-47BC-9264-20DD3E7D778E}.Debug|Any CPU.Build.0 = Debug|Any CPU
		{72EA0BBF-6766-47BC-9264-20DD3E7D778E}.Release|Any CPU.ActiveCfg = Release|Any CPU
		{72EA0BBF-6766-47BC-9264-20DD3E7D778E}.Release|Any CPU.Build.0 = Release|Any CPU
		{2C42E337-CA92-4D77-B9A9-72F211B64CFE}.Debug|Any CPU.ActiveCfg = Debug|Any CPU
		{2C42E337-CA92-4D77-B9A9-72F211B64CFE}.Debug|Any CPU.Build.0 = Debug|Any CPU
		{2C42E337-CA92-4D77-B9A9-72F211B64CFE}.Release|Any CPU.ActiveCfg = Release|Any CPU
		{2C42E337-CA92-4D77-B9A9-72F211B64CFE}.Release|Any CPU.Build.0 = Release|Any CPU
		{59B6261A-FD55-4B5D-867D-E0D1BBA02255}.Debug|Any CPU.ActiveCfg = Debug|Any CPU
		{59B6261A-FD55-4B5D-867D-E0D1BBA02255}.Debug|Any CPU.Build.0 = Debug|Any CPU
		{59B6261A-FD55-4B5D-867D-E0D1BBA02255}.Release|Any CPU.ActiveCfg = Release|Any CPU
		{59B6261A-FD55-4B5D-867D-E0D1BBA02255}.Release|Any CPU.Build.0 = Release|Any CPU
	EndGlobalSection
	GlobalSection(SolutionProperties) = preSolution
		HideSolutionNode = FALSE
	EndGlobalSection
	GlobalSection(ExtensibilityGlobals) = postSolution
		SolutionGuid = {67B0D459-3691-4FE6-A3EE-F78D4A2FC5F8}
	EndGlobalSection
EndGlobal
